// !$*UTF8*$!
{
	archiveVersion = 1;
	classes = {
	};
	objectVersion = 46;
	objects = {

/* Begin PBXBuildFile section */
		49F1D78E17596B2700A7DE8F /* UIKit.framework in Frameworks */ = {isa = PBXBuildFile; fileRef = 49F1D78D17596B2700A7DE8F /* UIKit.framework */; };
		49F1D79017596B2700A7DE8F /* Foundation.framework in Frameworks */ = {isa = PBXBuildFile; fileRef = 49F1D78F17596B2700A7DE8F /* Foundation.framework */; };
		49F1D79217596B2700A7DE8F /* CoreGraphics.framework in Frameworks */ = {isa = PBXBuildFile; fileRef = 49F1D79117596B2700A7DE8F /* CoreGraphics.framework */; };
		49F1D79817596B2700A7DE8F /* InfoPlist.strings in Resources */ = {isa = PBXBuildFile; fileRef = 49F1D79617596B2700A7DE8F /* InfoPlist.strings */; };
		49F1D79A17596B2700A7DE8F /* main.m in Sources */ = {isa = PBXBuildFile; fileRef = 49F1D79917596B2700A7DE8F /* main.m */; };
		49F1D79E17596B2700A7DE8F /* ASTAppDelegate.m in Sources */ = {isa = PBXBuildFile; fileRef = 49F1D79D17596B2700A7DE8F /* ASTAppDelegate.m */; };
		49F1D7A017596B2700A7DE8F /* Default.png in Resources */ = {isa = PBXBuildFile; fileRef = 49F1D79F17596B2700A7DE8F /* Default.png */; };
		49F1D7A217596B2700A7DE8F /* Default@2x.png in Resources */ = {isa = PBXBuildFile; fileRef = 49F1D7A117596B2700A7DE8F /* Default@2x.png */; };
		49F1D7A417596B2700A7DE8F /* Default-568h@2x.png in Resources */ = {isa = PBXBuildFile; fileRef = 49F1D7A317596B2700A7DE8F /* Default-568h@2x.png */; };
		49F1D7A717596B2700A7DE8F /* MainStoryboard_iPhone.storyboard in Resources */ = {isa = PBXBuildFile; fileRef = 49F1D7A517596B2700A7DE8F /* MainStoryboard_iPhone.storyboard */; };
		49F1D7AA17596B2700A7DE8F /* MainStoryboard_iPad.storyboard in Resources */ = {isa = PBXBuildFile; fileRef = 49F1D7A817596B2700A7DE8F /* MainStoryboard_iPad.storyboard */; };
		49F1D7AD17596B2700A7DE8F /* ASTViewController.m in Sources */ = {isa = PBXBuildFile; fileRef = 49F1D7AC17596B2700A7DE8F /* ASTViewController.m */; };
/* End PBXBuildFile section */

/* Begin PBXFileReference section */
		49F1D78A17596B2700A7DE8F /* AppSponserTest.app */ = {isa = PBXFileReference; explicitFileType = wrapper.application; includeInIndex = 0; path = AppSponserTest.app; sourceTree = BUILT_PRODUCTS_DIR; };
		49F1D78D17596B2700A7DE8F /* UIKit.framework */ = {isa = PBXFileReference; lastKnownFileType = wrapper.framework; name = UIKit.framework; path = System/Library/Frameworks/UIKit.framework; sourceTree = SDKROOT; };
		49F1D78F17596B2700A7DE8F /* Foundation.framework */ = {isa = PBXFileReference; lastKnownFileType = wrapper.framework; name = Foundation.framework; path = System/Library/Frameworks/Foundation.framework; sourceTree = SDKROOT; };
		49F1D79117596B2700A7DE8F /* CoreGraphics.framework */ = {isa = PBXFileReference; lastKnownFileType = wrapper.framework; name = CoreGraphics.framework; path = System/Library/Frameworks/CoreGraphics.framework; sourceTree = SDKROOT; };
		49F1D79517596B2700A7DE8F /* AppSponserTest-Info.plist */ = {isa = PBXFileReference; lastKnownFileType = text.plist.xml; path = "AppSponserTest-Info.plist"; sourceTree = "<group>"; };
		49F1D79717596B2700A7DE8F /* en */ = {isa = PBXFileReference; lastKnownFileType = text.plist.strings; name = en; path = en.lproj/InfoPlist.strings; sourceTree = "<group>"; };
		49F1D79917596B2700A7DE8F /* main.m */ = {isa = PBXFileReference; lastKnownFileType = sourcecode.c.objc; path = main.m; sourceTree = "<group>"; };
		49F1D79B17596B2700A7DE8F /* AppSponserTest-Prefix.pch */ = {isa = PBXFileReference; lastKnownFileType = sourcecode.c.h; path = "AppSponserTest-Prefix.pch"; sourceTree = "<group>"; };
		49F1D79C17596B2700A7DE8F /* ASTAppDelegate.h */ = {isa = PBXFileReference; lastKnownFileType = sourcecode.c.h; path = ASTAppDelegate.h; sourceTree = "<group>"; };
		49F1D79D17596B2700A7DE8F /* ASTAppDelegate.m */ = {isa = PBXFileReference; lastKnownFileType = sourcecode.c.objc; path = ASTAppDelegate.m; sourceTree = "<group>"; };
		49F1D79F17596B2700A7DE8F /* Default.png */ = {isa = PBXFileReference; lastKnownFileType = image.png; path = Default.png; sourceTree = "<group>"; };
		49F1D7A117596B2700A7DE8F /* Default@2x.png */ = {isa = PBXFileReference; lastKnownFileType = image.png; path = "Default@2x.png"; sourceTree = "<group>"; };
		49F1D7A317596B2700A7DE8F /* Default-568h@2x.png */ = {isa = PBXFileReference; lastKnownFileType = image.png; path = "Default-568h@2x.png"; sourceTree = "<group>"; };
		49F1D7A617596B2700A7DE8F /* en */ = {isa = PBXFileReference; lastKnownFileType = file.storyboard; name = en; path = en.lproj/MainStoryboard_iPhone.storyboard; sourceTree = "<group>"; };
		49F1D7A917596B2700A7DE8F /* en */ = {isa = PBXFileReference; lastKnownFileType = file.storyboard; name = en; path = en.lproj/MainStoryboard_iPad.storyboard; sourceTree = "<group>"; };
		49F1D7AB17596B2700A7DE8F /* ASTViewController.h */ = {isa = PBXFileReference; lastKnownFileType = sourcecode.c.h; path = ASTViewController.h; sourceTree = "<group>"; };
		49F1D7AC17596B2700A7DE8F /* ASTViewController.m */ = {isa = PBXFileReference; lastKnownFileType = sourcecode.c.objc; path = ASTViewController.m; sourceTree = "<group>"; };
/* End PBXFileReference section */

/* Begin PBXFrameworksBuildPhase section */
		49F1D78717596B2700A7DE8F /* Frameworks */ = {
			isa = PBXFrameworksBuildPhase;
			buildActionMask = 2147483647;
			files = (
				49F1D78E17596B2700A7DE8F /* UIKit.framework in Frameworks */,
				49F1D79017596B2700A7DE8F /* Foundation.framework in Frameworks */,
				49F1D79217596B2700A7DE8F /* CoreGraphics.framework in Frameworks */,
			);
			runOnlyForDeploymentPostprocessing = 0;
		};
/* End PBXFrameworksBuildPhase section */

/* Begin PBXGroup section */
		49F1D78117596B2700A7DE8F = {
			isa = PBXGroup;
			children = (
				49F1D79317596B2700A7DE8F /* AppSponserTest */,
				49F1D78C17596B2700A7DE8F /* Frameworks */,
				49F1D78B17596B2700A7DE8F /* Products */,
			);
			sourceTree = "<group>";
		};
		49F1D78B17596B2700A7DE8F /* Products */ = {
			isa = PBXGroup;
			children = (
				49F1D78A17596B2700A7DE8F /* AppSponserTest.app */,
			);
			name = Products;
			sourceTree = "<group>";
		};
		49F1D78C17596B2700A7DE8F /* Frameworks */ = {
			isa = PBXGroup;
			children = (
				49F1D78D17596B2700A7DE8F /* UIKit.framework */,
				49F1D78F17596B2700A7DE8F /* Foundation.framework */,
				49F1D79117596B2700A7DE8F /* CoreGraphics.framework */,
			);
			name = Frameworks;
			sourceTree = "<group>";
		};
		49F1D79317596B2700A7DE8F /* AppSponserTest */ = {
			isa = PBXGroup;
			children = (
				49F1D79C17596B2700A7DE8F /* ASTAppDelegate.h */,
				49F1D79D17596B2700A7DE8F /* ASTAppDelegate.m */,
				49F1D7A517596B2700A7DE8F /* MainStoryboard_iPhone.storyboard */,
				49F1D7A817596B2700A7DE8F /* MainStoryboard_iPad.storyboard */,
				49F1D7AB17596B2700A7DE8F /* ASTViewController.h */,
				49F1D7AC17596B2700A7DE8F /* ASTViewController.m */,
				49F1D79417596B2700A7DE8F /* Supporting Files */,
			);
			path = AppSponserTest;
			sourceTree = "<group>";
		};
		49F1D79417596B2700A7DE8F /* Supporting Files */ = {
			isa = PBXGroup;
			children = (
				49F1D79517596B2700A7DE8F /* AppSponserTest-Info.plist */,
				49F1D79617596B2700A7DE8F /* InfoPlist.strings */,
				49F1D79917596B2700A7DE8F /* main.m */,
				49F1D79B17596B2700A7DE8F /* AppSponserTest-Prefix.pch */,
				49F1D79F17596B2700A7DE8F /* Default.png */,
				49F1D7A117596B2700A7DE8F /* Default@2x.png */,
				49F1D7A317596B2700A7DE8F /* Default-568h@2x.png */,
			);
			name = "Supporting Files";
			sourceTree = "<group>";
		};
/* End PBXGroup section */

/* Begin PBXNativeTarget section */
		49F1D78917596B2700A7DE8F /* AppSponserTest */ = {
			isa = PBXNativeTarget;
			buildConfigurationList = 49F1D7B017596B2700A7DE8F /* Build configuration list for PBXNativeTarget "AppSponserTest" */;
			buildPhases = (
				49F1D78617596B2700A7DE8F /* Sources */,
				49F1D78717596B2700A7DE8F /* Frameworks */,
				49F1D78817596B2700A7DE8F /* Resources */,
			);
			buildRules = (
			);
			dependencies = (
			);
			name = AppSponserTest;
			productName = AppSponserTest;
			productReference = 49F1D78A17596B2700A7DE8F /* AppSponserTest.app */;
			productType = "com.apple.product-type.application";
		};
/* End PBXNativeTarget section */

/* Begin PBXProject section */
		49F1D78217596B2700A7DE8F /* Project object */ = {
			isa = PBXProject;
			attributes = {
				CLASSPREFIX = AST;
				LastUpgradeCheck = 0460;
				ORGANIZATIONNAME = AST;
			};
			buildConfigurationList = 49F1D78517596B2700A7DE8F /* Build configuration list for PBXProject "AppSponserTest" */;
			compatibilityVersion = "Xcode 3.2";
			developmentRegion = English;
			hasScannedForEncodings = 0;
			knownRegions = (
				en,
			);
			mainGroup = 49F1D78117596B2700A7DE8F;
			productRefGroup = 49F1D78B17596B2700A7DE8F /* Products */;
			projectDirPath = "";
			projectRoot = "";
			targets = (
				49F1D78917596B2700A7DE8F /* AppSponserTest */,
			);
		};
/* End PBXProject section */

/* Begin PBXResourcesBuildPhase section */
		49F1D78817596B2700A7DE8F /* Resources */ = {
			isa = PBXResourcesBuildPhase;
			buildActionMask = 2147483647;
			files = (
				49F1D79817596B2700A7DE8F /* InfoPlist.strings in Resources */,
				49F1D7A017596B2700A7DE8F /* Default.png in Resources */,
				49F1D7A217596B2700A7DE8F /* Default@2x.png in Resources */,
				49F1D7A417596B2700A7DE8F /* Default-568h@2x.png in Resources */,
				49F1D7A717596B2700A7DE8F /* MainStoryboard_iPhone.storyboard in Resources */,
				49F1D7AA17596B2700A7DE8F /* MainStoryboard_iPad.storyboard in Resources */,
			);
			runOnlyForDeploymentPostprocessing = 0;
		};
/* End PBXResourcesBuildPhase section */

/* Begin PBXSourcesBuildPhase section */
		49F1D78617596B2700A7DE8F /* Sources */ = {
			isa = PBXSourcesBuildPhase;
			buildActionMask = 2147483647;
			files = (
				49F1D79A17596B2700A7DE8F /* main.m in Sources */,
				49F1D79E17596B2700A7DE8F /* ASTAppDelegate.m in Sources */,
				49F1D7AD17596B2700A7DE8F /* ASTViewController.m in Sources */,
			);
			runOnlyForDeploymentPostprocessing = 0;
		};
/* End PBXSourcesBuildPhase section */

/* Begin PBXVariantGroup section */
		49F1D79617596B2700A7DE8F /* InfoPlist.strings */ = {
			isa = PBXVariantGroup;
			children = (
				49F1D79717596B2700A7DE8F /* en */,
			);
			name = InfoPlist.strings;
			sourceTree = "<group>";
		};
		49F1D7A517596B2700A7DE8F /* MainStoryboard_iPhone.storyboard */ = {
			isa = PBXVariantGroup;
			children = (
				49F1D7A617596B2700A7DE8F /* en */,
			);
			name = MainStoryboard_iPhone.storyboard;
			sourceTree = "<group>";
		};
		49F1D7A817596B2700A7DE8F /* MainStoryboard_iPad.storyboard */ = {
			isa = PBXVariantGroup;
			children = (
				49F1D7A917596B2700A7DE8F /* en */,
			);
			name = MainStoryboard_iPad.storyboard;
			sourceTree = "<group>";
		};
/* End PBXVariantGroup section */

/* Begin XCBuildConfiguration section */
		49F1D7AE17596B2700A7DE8F /* Debug */ = {
			isa = XCBuildConfiguration;
			buildSettings = {
				ALWAYS_SEARCH_USER_PATHS = NO;
				CLANG_CXX_LANGUAGE_STANDARD = "gnu++0x";
				CLANG_CXX_LIBRARY = "libc++";
				CLANG_ENABLE_OBJC_ARC = YES;
				CLANG_WARN_CONSTANT_CONVERSION = YES;
				CLANG_WARN_EMPTY_BODY = YES;
				CLANG_WARN_ENUM_CONVERSION = YES;
				CLANG_WARN_INT_CONVERSION = YES;
				CLANG_WARN__DUPLICATE_METHOD_MATCH = YES;
				"CODE_SIGN_IDENTITY[sdk=iphoneos*]" = "iPhone Developer";
				COPY_PHASE_STRIP = NO;
				GCC_C_LANGUAGE_STANDARD = gnu99;
				GCC_DYNAMIC_NO_PIC = NO;
				GCC_OPTIMIZATION_LEVEL = 0;
				GCC_PREPROCESSOR_DEFINITIONS = (
					"DEBUG=1",
					"$(inherited)",
				);
				GCC_SYMBOLS_PRIVATE_EXTERN = NO;
				GCC_WARN_ABOUT_RETURN_TYPE = YES;
				GCC_WARN_UNINITIALIZED_AUTOS = YES;
				GCC_WARN_UNUSED_VARIABLE = YES;
				IPHONEOS_DEPLOYMENT_TARGET = 6.1;
				ONLY_ACTIVE_ARCH = YES;
				SDKROOT = iphoneos;
				TARGETED_DEVICE_FAMILY = "1,2";
			};
			name = Debug;
		};
		49F1D7AF17596B2700A7DE8F /* Release */ = {
			isa = XCBuildConfiguration;
			buildSettings = {
				ALWAYS_SEARCH_USER_PATHS = NO;
				CLANG_CXX_LANGUAGE_STANDARD = "gnu++0x";
				CLANG_CXX_LIBRARY = "libc++";
				CLANG_ENABLE_OBJC_ARC = YES;
				CLANG_WARN_CONSTANT_CONVERSION = YES;
				CLANG_WARN_EMPTY_BODY = YES;
				CLANG_WARN_ENUM_CONVERSION = YES;
				CLANG_WARN_INT_CONVERSION = YES;
				CLANG_WARN__DUPLICATE_METHOD_MATCH = YES;
				"CODE_SIGN_IDENTITY[sdk=iphoneos*]" = "iPhone Developer";
				COPY_PHASE_STRIP = YES;
				GCC_C_LANGUAGE_STANDARD = gnu99;
				GCC_WARN_ABOUT_RETURN_TYPE = YES;
				GCC_WARN_UNINITIALIZED_AUTOS = YES;
				GCC_WARN_UNUSED_VARIABLE = YES;
				IPHONEOS_DEPLOYMENT_TARGET = 6.1;
				OTHER_CFLAGS = "-DNS_BLOCK_ASSERTIONS=1";
				SDKROOT = iphoneos;
				TARGETED_DEVICE_FAMILY = "1,2";
				VALIDATE_PRODUCT = YES;
			};
			name = Release;
		};
		49F1D7B117596B2700A7DE8F /* Debug */ = {
			isa = XCBuildConfiguration;
			buildSettings = {
				GCC_PRECOMPILE_PREFIX_HEADER = YES;
				GCC_PREFIX_HEADER = "AppSponserTest/AppSponserTest-Prefix.pch";
				INFOPLIST_FILE = "AppSponserTest/AppSponserTest-Info.plist";
				PRODUCT_NAME = "$(TARGET_NAME)";
				WRAPPER_EXTENSION = app;
			};
			name = Debug;
		};
		49F1D7B217596B2700A7DE8F /* Release */ = {
			isa = XCBuildConfiguration;
			buildSettings = {
				GCC_PRECOMPILE_PREFIX_HEADER = YES;
				GCC_PREFIX_HEADER = "AppSponserTest/AppSponserTest-Prefix.pch";
				INFOPLIST_FILE = "AppSponserTest/AppSponserTest-Info.plist";
				PRODUCT_NAME = "$(TARGET_NAME)";
				WRAPPER_EXTENSION = app;
			};
			name = Release;
		};
/* End XCBuildConfiguration section */

/* Begin XCConfigurationList section */
		49F1D78517596B2700A7DE8F /* Build configuration list for PBXProject "AppSponserTest" */ = {
			isa = XCConfigurationList;
			buildConfigurations = (
				49F1D7AE17596B2700A7DE8F /* Debug */,
				49F1D7AF17596B2700A7DE8F /* Release */,
			);
			defaultConfigurationIsVisible = 0;
			defaultConfigurationName = Release;
		};
		49F1D7B017596B2700A7DE8F /* Build configuration list for PBXNativeTarget "AppSponserTest" */ = {
			isa = XCConfigurationList;
			buildConfigurations = (
				49F1D7B117596B2700A7DE8F /* Debug */,
				49F1D7B217596B2700A7DE8F /* Release */,
			);
			defaultConfigurationIsVisible = 0;
		};
/* End XCConfigurationList section */
	};
	rootObject = 49F1D78217596B2700A7DE8F /* Project object */;
}
